{
    "version": 3,
    "terraform_version": "0.11.10",
    "serial": 12,
    "lineage": "3c64d9e2-8787-e9c6-c016-5a6ec5d67fb3",
    "modules": [
        {
            "path": [
                "root"
            ],
            "outputs": {},
            "resources": {
                "azurerm_databricks_workspace.test": {
                    "type": "azurerm_databricks_workspace",
                    "depends_on": [
                        "azurerm_resource_group.hub_rg"
                    ],
                    "primary": {
                        "id": "/subscriptions/6b464386-2fd7-41d7-9f5a-5867597eccc1/resourceGroups/takeda_rg_dev/providers/Microsoft.Databricks/workspaces/takeda-databricks-test",
                        "attributes": {
                            "id": "/subscriptions/6b464386-2fd7-41d7-9f5a-5867597eccc1/resourceGroups/takeda_rg_dev/providers/Microsoft.Databricks/workspaces/takeda-databricks-test",
                            "location": "westeurope",
                            "managed_resource_group_id": "/subscriptions/6b464386-2fd7-41d7-9f5a-5867597eccc1/resourceGroups/databricks-rg-takeda_rg_dev",
                            "managed_resource_group_name": "databricks-rg-takeda_rg_dev",
                            "name": "takeda-databricks-test",
                            "resource_group_name": "takeda_rg_dev",
                            "sku": "standard",
                            "tags.%": "2",
                            "tags.Environment": "dev",
                            "tags.managed-by": "terraform"
                        },
                        "meta": {},
                        "tainted": false
                    },
                    "deposed": [],
                    "provider": "provider.azurerm"
                },
                "azurerm_resource_group.hub_rg": {
                    "type": "azurerm_resource_group",
                    "depends_on": [],
                    "primary": {
                        "id": "/subscriptions/6b464386-2fd7-41d7-9f5a-5867597eccc1/resourceGroups/takeda_rg_dev",
                        "attributes": {
                            "id": "/subscriptions/6b464386-2fd7-41d7-9f5a-5867597eccc1/resourceGroups/takeda_rg_dev",
                            "location": "westeurope",
                            "name": "takeda_rg_dev",
                            "tags.%": "2",
                            "tags.environment": "dev",
                            "tags.managed-by": "terraform"
                        },
                        "meta": {},
                        "tainted": false
                    },
                    "deposed": [],
                    "provider": "provider.azurerm"
                }
            },
            "depends_on": []
        }
    ]
}
